[[package]]
name = "asgiref"
version = "3.5.2"
description = "ASGI specs, helper code, and adapters"
category = "main"
optional = false
python-versions = ">=3.7"

[package.extras]
tests = ["mypy (>=0.800)", "pytest-asyncio", "pytest"]

[[package]]
name = "django"
version = "4.1.2"
description = "A high-level Python web framework that encourages rapid development and clean, pragmatic design."
category = "main"
optional = false
python-versions = ">=3.8"

[package.dependencies]
asgiref = ">=3.5.2,<4"
sqlparse = ">=0.2.2"
tzdata = {version = "*", markers = "sys_platform == \"win32\""}

[package.extras]
argon2 = ["argon2-cffi (>=19.1.0)"]
bcrypt = ["bcrypt"]

[[package]]
name = "django-environ"
version = "0.4.5"
description = "Django-environ allows you to utilize 12factor inspired environment variables to configure your Django application."
category = "main"
optional = false
python-versions = "*"

[[package]]
name = "django-filter"
version = "22.1"
description = "Django-filter is a reusable Django application for allowing users to filter querysets dynamically."
category = "main"
optional = false
python-versions = ">=3.7"

[package.dependencies]
Django = ">=3.2"

[[package]]
name = "djangorestframework"
version = "3.14.0"
description = "Web APIs for Django, made easy."
category = "main"
optional = false
python-versions = ">=3.6"

[package.dependencies]
django = ">=3.0"
pytz = "*"

[[package]]
name = "markdown"
version = "3.4.1"
description = "Python implementation of Markdown."
category = "main"
optional = false
python-versions = ">=3.7"

[package.extras]
testing = ["coverage", "pyyaml"]

[[package]]
name = "pytz"
version = "2022.5"
description = "World timezone definitions, modern and historical"
category = "main"
optional = false
python-versions = "*"

[[package]]
name = "split-settings"
version = "1.0.0"
description = "Organize Django settings into multiple files and directories. Easily override and modify settings. Use wildcards and optional settings files."
category = "main"
optional = false
python-versions = ">=3.6,<4.0"

[[package]]
name = "sqlparse"
version = "0.4.3"
description = "A non-validating SQL parser."
category = "main"
optional = false
python-versions = ">=3.5"

[[package]]
name = "tzdata"
version = "2022.5"
description = "Provider of IANA time zone data"
category = "main"
optional = false
python-versions = ">=2"

[metadata]
lock-version = "1.1"
        python-versions = "^3.10.5"
content-hash = "8a3124e2b728f54388bbf6fe0d41659c48c0dfce2758869e8e93b4edd179628e"

[metadata.files]
asgiref = []
django = []
django-environ = []
django-filter = []
djangorestframework = []
markdown = []
pytz = []
split-settings = []
sqlparse = []
tzdata = []
